
Microsoft Visual Studio Solution File, Format Version 12.00
# Visual Studio Version 16
VisualStudioVersion = 16.0.31205.134
MinimumVisualStudioVersion = 10.0.40219.1
Project("{8BC9CEB8-8B4A-11D0-8D11-00A0C91BC942}") = "OS - Ex02 - B21", "OS - Ex02 - B21\OS - Ex02 - B21.vcxproj", "{4288F857-5060-4EDC-9743-9C0AEAD8934A}"
EndProject
Global
	GlobalSection(SolutionConfigurationPlatforms) = preSolution
		Debug|x64 = Debug|x64
		Debug|x86 = Debug|x86
		Release|x64 = Release|x64
		Release|x86 = Release|x86
	EndGlobalSection
	GlobalSection(ProjectConfigurationPlatforms) = postSolution
		{4288F857-5060-4EDC-9743-9C0AEAD8934A}.Debug|x64.ActiveCfg = Debug|x64
		{4288F857-5060-4EDC-9743-9C0AEAD8934A}.Debug|x64.Build.0 = Debug|x64
		{4288F857-5060-4EDC-9743-9C0AEAD8934A}.Debug|x86.ActiveCfg = Debug|Win32
		{4288F857-5060-4EDC-9743-9C0AEAD8934A}.Debug|x86.Build.0 = Debug|Win32
		{4288F857-5060-4EDC-9743-9C0AEAD8934A}.Release|x64.ActiveCfg = Release|x64
		{4288F857-5060-4EDC-9743-9C0AEAD8934A}.Release|x64.Build.0 = Release|x64
		{4288F857-5060-4EDC-9743-9C0AEAD8934A}.Release|x86.ActiveCfg = Release|Win32
		{4288F857-5060-4EDC-9743-9C0AEAD8934A}.Release|x86.Build.0 = Release|Win32
	EndGlobalSection
	GlobalSection(SolutionProperties) = preSolution
		HideSolutionNode = FALSE
	EndGlobalSection
	GlobalSection(ExtensibilityGlobals) = postSolution
		SolutionGuid = {EC098BBA-19CD-4788-A49E-6C44E124B42F}
	EndGlobalSection
EndGlobal
